
Microsoft Visual Studio Solution File, Format Version 12.00
# Visual Studio Version 16
VisualStudioVersion = 16.0.29025.244
MinimumVisualStudioVersion = 10.0.40219.1
Project("{FAE04EC0-301F-11D3-BF4B-00C04F79EFBC}") = "SpaceInvaders", "SpaceInvaders\SpaceInvaders.csproj", "{2578137E-8BFA-4E3C-A580-DBBC53E24B0D}"
EndProject
Global
	GlobalSection(SolutionConfigurationPlatforms) = preSolution
		Debug|Any CPU = Debug|Any CPU
		Release|Any CPU = Release|Any CPU
	EndGlobalSection
	GlobalSection(ProjectConfigurationPlatforms) = postSolution
		{2578137E-8BFA-4E3C-A580-DBBC53E24B0D}.Debug|Any CPU.ActiveCfg = Debug|Any CPU
		{2578137E-8BFA-4E3C-A580-DBBC53E24B0D}.Debug|Any CPU.Build.0 = Debug|Any CPU
		{2578137E-8BFA-4E3C-A580-DBBC53E24B0D}.Release|Any CPU.ActiveCfg = Release|Any CPU
		{2578137E-8BFA-4E3C-A580-DBBC53E24B0D}.Release|Any CPU.Build.0 = Release|Any CPU
	EndGlobalSection
	GlobalSection(SolutionProperties) = preSolution
		HideSolutionNode = FALSE
	EndGlobalSection
	GlobalSection(ExtensibilityGlobals) = postSolution
		SolutionGuid = {06CF00B0-FD5F-4295-A665-D8F10D36D986}
	EndGlobalSection
EndGlobal
